
Microsoft Visual Studio Solution File, Format Version 12.00
# Visual Studio Version 17
VisualStudioVersion = 17.8.34330.188
MinimumVisualStudioVersion = 10.0.40219.1
Project("{FAE04EC0-301F-11D3-BF4B-00C04F79EFBC}") = "if train", "if train\if train.csproj", "{9090B0F3-E06C-48B4-9227-72B0432E26C1}"
EndProject
Global
	GlobalSection(SolutionConfigurationPlatforms) = preSolution
		Debug|Any CPU = Debug|Any CPU
		Release|Any CPU = Release|Any CPU
	EndGlobalSection
	GlobalSection(ProjectConfigurationPlatforms) = postSolution
		{9090B0F3-E06C-48B4-9227-72B0432E26C1}.Debug|Any CPU.ActiveCfg = Debug|Any CPU
		{9090B0F3-E06C-48B4-9227-72B0432E26C1}.Debug|Any CPU.Build.0 = Debug|Any CPU
		{9090B0F3-E06C-48B4-9227-72B0432E26C1}.Release|Any CPU.ActiveCfg = Release|Any CPU
		{9090B0F3-E06C-48B4-9227-72B0432E26C1}.Release|Any CPU.Build.0 = Release|Any CPU
	EndGlobalSection
	GlobalSection(SolutionProperties) = preSolution
		HideSolutionNode = FALSE
	EndGlobalSection
	GlobalSection(ExtensibilityGlobals) = postSolution
		SolutionGuid = {D458AC62-987D-40FB-A828-0896A405A2CD}
	EndGlobalSection
EndGlobal
