
Microsoft Visual Studio Solution File, Format Version 12.00
# Visual Studio Version 17
VisualStudioVersion = 17.8.34330.188
MinimumVisualStudioVersion = 10.0.40219.1
Project("{FAE04EC0-301F-11D3-BF4B-00C04F79EFBC}") = "if", "if\if.csproj", "{B32DF215-2A6F-42EF-AF97-D01D769C64C3}"
EndProject
Global
	GlobalSection(SolutionConfigurationPlatforms) = preSolution
		Debug|Any CPU = Debug|Any CPU
		Release|Any CPU = Release|Any CPU
	EndGlobalSection
	GlobalSection(ProjectConfigurationPlatforms) = postSolution
		{B32DF215-2A6F-42EF-AF97-D01D769C64C3}.Debug|Any CPU.ActiveCfg = Debug|Any CPU
		{B32DF215-2A6F-42EF-AF97-D01D769C64C3}.Debug|Any CPU.Build.0 = Debug|Any CPU
		{B32DF215-2A6F-42EF-AF97-D01D769C64C3}.Release|Any CPU.ActiveCfg = Release|Any CPU
		{B32DF215-2A6F-42EF-AF97-D01D769C64C3}.Release|Any CPU.Build.0 = Release|Any CPU
	EndGlobalSection
	GlobalSection(SolutionProperties) = preSolution
		HideSolutionNode = FALSE
	EndGlobalSection
	GlobalSection(ExtensibilityGlobals) = postSolution
		SolutionGuid = {10896046-5EA7-4DC5-9FD7-ACBAFAC4FEA1}
	EndGlobalSection
EndGlobal
